// !$*UTF8*$!
{
	archiveVersion = 1;
	classes = {
	};
	objectVersion = 50;
	objects = {

/* Begin PBXBuildFile section */
		7692AF1820C86BEC004ECA2E /* AppDelegate.swift in Sources */ = {isa = PBXBuildFile; fileRef = 7692AF1720C86BEC004ECA2E /* AppDelegate.swift */; };
		7692AF1A20C86BEC004ECA2E /* GameVC.swift in Sources */ = {isa = PBXBuildFile; fileRef = 7692AF1920C86BEC004ECA2E /* GameVC.swift */; };
		7692AF1D20C86BEC004ECA2E /* Main.storyboard in Resources */ = {isa = PBXBuildFile; fileRef = 7692AF1B20C86BEC004ECA2E /* Main.storyboard */; };
		7692AF1F20C86BFC004ECA2E /* Assets.xcassets in Resources */ = {isa = PBXBuildFile; fileRef = 7692AF1E20C86BFC004ECA2E /* Assets.xcassets */; };
		7692AF2A20C86D49004ECA2E /* MainVC.swift in Sources */ = {isa = PBXBuildFile; fileRef = 7692AF2920C86D49004ECA2E /* MainVC.swift */; };
		822066A92397A86500A5AD5F /* AboutVC.swift in Sources */ = {isa = PBXBuildFile; fileRef = 822066A82397A86500A5AD5F /* AboutVC.swift */; };
		822066AB2397B80700A5AD5F /* SettingsVC.swift in Sources */ = {isa = PBXBuildFile; fileRef = 822066AA2397B80700A5AD5F /* SettingsVC.swift */; };
		822066B52397EA9300A5AD5F /* Launch Screen.storyboard in Resources */ = {isa = PBXBuildFile; fileRef = 822066B42397EA9300A5AD5F /* Launch Screen.storyboard */; };
/* End PBXBuildFile section */

/* Begin PBXFileReference section */
		7692AF1420C86BEC004ECA2E /* Click on me.app */ = {isa = PBXFileReference; explicitFileType = wrapper.application; includeInIndex = 0; path = "Click on me.app"; sourceTree = BUILT_PRODUCTS_DIR; };
		7692AF1720C86BEC004ECA2E /* AppDelegate.swift */ = {isa = PBXFileReference; lastKnownFileType = sourcecode.swift; path = AppDelegate.swift; sourceTree = "<group>"; };
		7692AF1920C86BEC004ECA2E /* GameVC.swift */ = {isa = PBXFileReference; lastKnownFileType = sourcecode.swift; path = GameVC.swift; sourceTree = "<group>"; };
		7692AF1C20C86BEC004ECA2E /* Base */ = {isa = PBXFileReference; lastKnownFileType = file.storyboard; name = Base; path = Base.lproj/Main.storyboard; sourceTree = "<group>"; };
		7692AF1E20C86BFC004ECA2E /* Assets.xcassets */ = {isa = PBXFileReference; lastKnownFileType = folder.assetcatalog; path = Assets.xcassets; sourceTree = "<group>"; };
		7692AF2320C86BFC004ECA2E /* Info.plist */ = {isa = PBXFileReference; lastKnownFileType = text.plist.xml; path = Info.plist; sourceTree = "<group>"; };
		7692AF2920C86D49004ECA2E /* MainVC.swift */ = {isa = PBXFileReference; lastKnownFileType = sourcecode.swift; path = MainVC.swift; sourceTree = "<group>"; };
		822066A82397A86500A5AD5F /* AboutVC.swift */ = {isa = PBXFileReference; lastKnownFileType = sourcecode.swift; path = AboutVC.swift; sourceTree = "<group>"; };
		822066AA2397B80700A5AD5F /* SettingsVC.swift */ = {isa = PBXFileReference; lastKnownFileType = sourcecode.swift; path = SettingsVC.swift; sourceTree = "<group>"; };
		822066B42397EA9300A5AD5F /* Launch Screen.storyboard */ = {isa = PBXFileReference; lastKnownFileType = file.storyboard; path = "Launch Screen.storyboard"; sourceTree = "<group>"; };
/* End PBXFileReference section */

/* Begin PBXFrameworksBuildPhase section */
		7692AF1120C86BEB004ECA2E /* Frameworks */ = {
			isa = PBXFrameworksBuildPhase;
			buildActionMask = 2147483647;
			files = (
			);
			runOnlyForDeploymentPostprocessing = 0;
		};
/* End PBXFrameworksBuildPhase section */

/* Begin PBXGroup section */
		7692AF0B20C86BEB004ECA2E = {
			isa = PBXGroup;
			children = (
				7692AF1620C86BEC004ECA2E /* Click on me */,
				7692AF1520C86BEC004ECA2E /* Products */,
			);
			sourceTree = "<group>";
		};
		7692AF1520C86BEC004ECA2E /* Products */ = {
			isa = PBXGroup;
			children = (
				7692AF1420C86BEC004ECA2E /* Click on me.app */,
			);
			name = Products;
			sourceTree = "<group>";
		};
		7692AF1620C86BEC004ECA2E /* Click on me */ = {
			isa = PBXGroup;
			children = (
				7692AF1720C86BEC004ECA2E /* AppDelegate.swift */,
				7692AF1E20C86BFC004ECA2E /* Assets.xcassets */,
				822066A72397A38500A5AD5F /* ViewController */,
				7692AF1B20C86BEC004ECA2E /* Main.storyboard */,
				822066B42397EA9300A5AD5F /* Launch Screen.storyboard */,
				7692AF2320C86BFC004ECA2E /* Info.plist */,
			);
			path = "Click on me";
			sourceTree = "<group>";
		};
		822066A72397A38500A5AD5F /* ViewController */ = {
			isa = PBXGroup;
			children = (
				7692AF2920C86D49004ECA2E /* MainVC.swift */,
				822066A82397A86500A5AD5F /* AboutVC.swift */,
				7692AF1920C86BEC004ECA2E /* GameVC.swift */,
				822066AA2397B80700A5AD5F /* SettingsVC.swift */,
			);
			path = ViewController;
			sourceTree = "<group>";
		};
/* End PBXGroup section */

/* Begin PBXNativeTarget section */
		7692AF1320C86BEB004ECA2E /* Click on me */ = {
			isa = PBXNativeTarget;
			buildConfigurationList = 7692AF2620C86BFC004ECA2E /* Build configuration list for PBXNativeTarget "Click on me" */;
			buildPhases = (
				7692AF1020C86BEB004ECA2E /* Sources */,
				7692AF1120C86BEB004ECA2E /* Frameworks */,
				7692AF1220C86BEB004ECA2E /* Resources */,
			);
			buildRules = (
			);
			dependencies = (
			);
			name = "Click on me";
			productName = "Simple Clicker Game";
			productReference = 7692AF1420C86BEC004ECA2E /* Click on me.app */;
			productType = "com.apple.product-type.application";
		};
/* End PBXNativeTarget section */

/* Begin PBXProject section */
		7692AF0C20C86BEB004ECA2E /* Project object */ = {
			isa = PBXProject;
			attributes = {
				LastSwiftUpdateCheck = 0940;
				LastUpgradeCheck = 0940;
				ORGANIZATIONNAME = "ORG Click on me";
				TargetAttributes = {
					7692AF1320C86BEB004ECA2E = {
						CreatedOnToolsVersion = 9.4;
						LastSwiftMigration = 1110;
						SystemCapabilities = {
							com.apple.HealthKit = {
								enabled = 0;
							};
						};
					};
				};
			};
			buildConfigurationList = 7692AF0F20C86BEB004ECA2E /* Build configuration list for PBXProject "Click on me" */;
			compatibilityVersion = "Xcode 9.3";
			developmentRegion = en;
			hasScannedForEncodings = 0;
			knownRegions = (
				en,
				Base,
			);
			mainGroup = 7692AF0B20C86BEB004ECA2E;
			productRefGroup = 7692AF1520C86BEC004ECA2E /* Products */;
			projectDirPath = "";
			projectRoot = "";
			targets = (
				7692AF1320C86BEB004ECA2E /* Click on me */,
			);
		};
/* End PBXProject section */

/* Begin PBXResourcesBuildPhase section */
		7692AF1220C86BEB004ECA2E /* Resources */ = {
			isa = PBXResourcesBuildPhase;
			buildActionMask = 2147483647;
			files = (
				7692AF1F20C86BFC004ECA2E /* Assets.xcassets in Resources */,
				7692AF1D20C86BEC004ECA2E /* Main.storyboard in Resources */,
				822066B52397EA9300A5AD5F /* Launch Screen.storyboard in Resources */,
			);
			runOnlyForDeploymentPostprocessing = 0;
		};
/* End PBXResourcesBuildPhase section */

/* Begin PBXSourcesBuildPhase section */
		7692AF1020C86BEB004ECA2E /* Sources */ = {
			isa = PBXSourcesBuildPhase;
			buildActionMask = 2147483647;
			files = (
				7692AF1A20C86BEC004ECA2E /* GameVC.swift in Sources */,
				7692AF2A20C86D49004ECA2E /* MainVC.swift in Sources */,
				822066A92397A86500A5AD5F /* AboutVC.swift in Sources */,
				822066AB2397B80700A5AD5F /* SettingsVC.swift in Sources */,
				7692AF1820C86BEC004ECA2E /* AppDelegate.swift in Sources */,
			);
			runOnlyForDeploymentPostprocessing = 0;
		};
/* End PBXSourcesBuildPhase section */

/* Begin PBXVariantGroup section */
		7692AF1B20C86BEC004ECA2E /* Main.storyboard */ = {
			isa = PBXVariantGroup;
			children = (
				7692AF1C20C86BEC004ECA2E /* Base */,
			);
			name = Main.storyboard;
			sourceTree = "<group>";
		};
/* End PBXVariantGroup section */

/* Begin XCBuildConfiguration section */
		7692AF2420C86BFC004ECA2E /* Debug */ = {
			isa = XCBuildConfiguration;
			buildSettings = {
				ALWAYS_SEARCH_USER_PATHS = NO;
				CLANG_ANALYZER_NONNULL = YES;
				CLANG_ANALYZER_NUMBER_OBJECT_CONVERSION = YES_AGGRESSIVE;
				CLANG_CXX_LANGUAGE_STANDARD = "gnu++14";
				CLANG_CXX_LIBRARY = "libc++";
				CLANG_ENABLE_MODULES = YES;
				CLANG_ENABLE_OBJC_ARC = YES;
				CLANG_ENABLE_OBJC_WEAK = YES;
				CLANG_WARN_BLOCK_CAPTURE_AUTORELEASING = YES;
				CLANG_WARN_BOOL_CONVERSION = YES;
				CLANG_WARN_COMMA = YES;
				CLANG_WARN_CONSTANT_CONVERSION = YES;
				CLANG_WARN_DEPRECATED_OBJC_IMPLEMENTATIONS = YES;
				CLANG_WARN_DIRECT_OBJC_ISA_USAGE = YES_ERROR;
				CLANG_WARN_DOCUMENTATION_COMMENTS = YES;
				CLANG_WARN_EMPTY_BODY = YES;
				CLANG_WARN_ENUM_CONVERSION = YES;
				CLANG_WARN_INFINITE_RECURSION = YES;
				CLANG_WARN_INT_CONVERSION = YES;
				CLANG_WARN_NON_LITERAL_NULL_CONVERSION = YES;
				CLANG_WARN_OBJC_IMPLICIT_RETAIN_SELF = YES;
				CLANG_WARN_OBJC_LITERAL_CONVERSION = YES;
				CLANG_WARN_OBJC_ROOT_CLASS = YES_ERROR;
				CLANG_WARN_RANGE_LOOP_ANALYSIS = YES;
				CLANG_WARN_STRICT_PROTOTYPES = YES;
				CLANG_WARN_SUSPICIOUS_MOVE = YES;
				CLANG_WARN_UNGUARDED_AVAILABILITY = YES_AGGRESSIVE;
				CLANG_WARN_UNREACHABLE_CODE = YES;
				CLANG_WARN__DUPLICATE_METHOD_MATCH = YES;
				CODE_SIGN_IDENTITY = "iPhone Developer";
				COPY_PHASE_STRIP = NO;
				DEBUG_INFORMATION_FORMAT = dwarf;
				ENABLE_STRICT_OBJC_MSGSEND = YES;
				ENABLE_TESTABILITY = YES;
				GCC_C_LANGUAGE_STANDARD = gnu11;
				GCC_DYNAMIC_NO_PIC = NO;
				GCC_NO_COMMON_BLOCKS = YES;
				GCC_OPTIMIZATION_LEVEL = 0;
				GCC_PREPROCESSOR_DEFINITIONS = (
					"DEBUG=1",
					"$(inherited)",
				);
				GCC_WARN_64_TO_32_BIT_CONVERSION = YES;
				GCC_WARN_ABOUT_RETURN_TYPE = YES_ERROR;
				GCC_WARN_UNDECLARED_SELECTOR = YES;
				GCC_WARN_UNINITIALIZED_AUTOS = YES_AGGRESSIVE;
				GCC_WARN_UNUSED_FUNCTION = YES;
				GCC_WARN_UNUSED_VARIABLE = YES;
				IPHONEOS_DEPLOYMENT_TARGET = 11.4;
				MTL_ENABLE_DEBUG_INFO = YES;
				ONLY_ACTIVE_ARCH = YES;
				SDKROOT = iphoneos;
				SWIFT_ACTIVE_COMPILATION_CONDITIONS = DEBUG;
				SWIFT_OPTIMIZATION_LEVEL = "-Onone";
			};
			name = Debug;
		};
		7692AF2520C86BFC004ECA2E /* Release */ = {
			isa = XCBuildConfiguration;
			buildSettings = {
				ALWAYS_SEARCH_USER_PATHS = NO;
				CLANG_ANALYZER_NONNULL = YES;
				CLANG_ANALYZER_NUMBER_OBJECT_CONVERSION = YES_AGGRESSIVE;
				CLANG_CXX_LANGUAGE_STANDARD = "gnu++14";
				CLANG_CXX_LIBRARY = "libc++";
				CLANG_ENABLE_MODULES = YES;
				CLANG_ENABLE_OBJC_ARC = YES;
				CLANG_ENABLE_OBJC_WEAK = YES;
				CLANG_WARN_BLOCK_CAPTURE_AUTORELEASING = YES;
				CLANG_WARN_BOOL_CONVERSION = YES;
				CLANG_WARN_COMMA = YES;
				CLANG_WARN_CONSTANT_CONVERSION = YES;
				CLANG_WARN_DEPRECATED_OBJC_IMPLEMENTATIONS = YES;
				CLANG_WARN_DIRECT_OBJC_ISA_USAGE = YES_ERROR;
				CLANG_WARN_DOCUMENTATION_COMMENTS = YES;
				CLANG_WARN_EMPTY_BODY = YES;
				CLANG_WARN_ENUM_CONVERSION = YES;
				CLANG_WARN_INFINITE_RECURSION = YES;
				CLANG_WARN_INT_CONVERSION = YES;
				CLANG_WARN_NON_LITERAL_NULL_CONVERSION = YES;
				CLANG_WARN_OBJC_IMPLICIT_RETAIN_SELF = YES;
				CLANG_WARN_OBJC_LITERAL_CONVERSION = YES;
				CLANG_WARN_OBJC_ROOT_CLASS = YES_ERROR;
				CLANG_WARN_RANGE_LOOP_ANALYSIS = YES;
				CLANG_WARN_STRICT_PROTOTYPES = YES;
				CLANG_WARN_SUSPICIOUS_MOVE = YES;
				CLANG_WARN_UNGUARDED_AVAILABILITY = YES_AGGRESSIVE;
				CLANG_WARN_UNREACHABLE_CODE = YES;
				CLANG_WARN__DUPLICATE_METHOD_MATCH = YES;
				CODE_SIGN_IDENTITY = "iPhone Developer";
				COPY_PHASE_STRIP = NO;
				DEBUG_INFORMATION_FORMAT = "dwarf-with-dsym";
				ENABLE_NS_ASSERTIONS = NO;
				ENABLE_STRICT_OBJC_MSGSEND = YES;
				GCC_C_LANGUAGE_STANDARD = gnu11;
				GCC_NO_COMMON_BLOCKS = YES;
				GCC_WARN_64_TO_32_BIT_CONVERSION = YES;
				GCC_WARN_ABOUT_RETURN_TYPE = YES_ERROR;
				GCC_WARN_UNDECLARED_SELECTOR = YES;
				GCC_WARN_UNINITIALIZED_AUTOS = YES_AGGRESSIVE;
				GCC_WARN_UNUSED_FUNCTION = YES;
				GCC_WARN_UNUSED_VARIABLE = YES;
				IPHONEOS_DEPLOYMENT_TARGET = 11.4;
				MTL_ENABLE_DEBUG_INFO = NO;
				SDKROOT = iphoneos;
				SWIFT_COMPILATION_MODE = wholemodule;
				SWIFT_OPTIMIZATION_LEVEL = "-O";
				VALIDATE_PRODUCT = YES;
			};
			name = Release;
		};
		7692AF2720C86BFC004ECA2E /* Debug */ = {
			isa = XCBuildConfiguration;
			buildSettings = {
				ASSETCATALOG_COMPILER_APPICON_NAME = AppIcon;
				CODE_SIGN_STYLE = Automatic;
				CURRENT_PROJECT_VERSION = 1;
				DEVELOPMENT_TEAM = 7D6V9LW5LN;
				FRAMEWORK_SEARCH_PATHS = "";
				INFOPLIST_FILE = "$(SRCROOT)/Click on me/Info.plist";
				IPHONEOS_DEPLOYMENT_TARGET = 10.0;
				LD_RUNPATH_SEARCH_PATHS = (
					"$(inherited)",
					"@executable_path/Frameworks",
				);
				MARKETING_VERSION = 1.0;
				PRODUCT_BUNDLE_IDENTIFIER = com.clickonme.app;
				PRODUCT_NAME = "Click on me";
				SWIFT_VERSION = 5.0;
				TARGETED_DEVICE_FAMILY = 1;
			};
			name = Debug;
		};
		7692AF2820C86BFC004ECA2E /* Release */ = {
			isa = XCBuildConfiguration;
			buildSettings = {
				ASSETCATALOG_COMPILER_APPICON_NAME = AppIcon;
				CODE_SIGN_STYLE = Automatic;
				CURRENT_PROJECT_VERSION = 1;
				DEVELOPMENT_TEAM = 7D6V9LW5LN;
				FRAMEWORK_SEARCH_PATHS = "";
				INFOPLIST_FILE = "$(SRCROOT)/Click on me/Info.plist";
				IPHONEOS_DEPLOYMENT_TARGET = 10.0;
				LD_RUNPATH_SEARCH_PATHS = (
					"$(inherited)",
					"@executable_path/Frameworks",
				);
				MARKETING_VERSION = 1.0;
				PRODUCT_BUNDLE_IDENTIFIER = com.clickonme.app;
				PRODUCT_NAME = "Click on me";
				SWIFT_VERSION = 5.0;
				TARGETED_DEVICE_FAMILY = 1;
			};
			name = Release;
		};
/* End XCBuildConfiguration section */

/* Begin XCConfigurationList section */
		7692AF0F20C86BEB004ECA2E /* Build configuration list for PBXProject "Click on me" */ = {
			isa = XCConfigurationList;
			buildConfigurations = (
				7692AF2420C86BFC004ECA2E /* Debug */,
				7692AF2520C86BFC004ECA2E /* Release */,
			);
			defaultConfigurationIsVisible = 0;
			defaultConfigurationName = Release;
		};
		7692AF2620C86BFC004ECA2E /* Build configuration list for PBXNativeTarget "Click on me" */ = {
			isa = XCConfigurationList;
			buildConfigurations = (
				7692AF2720C86BFC004ECA2E /* Debug */,
				7692AF2820C86BFC004ECA2E /* Release */,
			);
			defaultConfigurationIsVisible = 0;
			defaultConfigurationName = Release;
		};
/* End XCConfigurationList section */
	};
	rootObject = 7692AF0C20C86BEB004ECA2E /* Project object */;
}
